
Microsoft Visual Studio Solution File, Format Version 12.00
# Visual Studio Version 17
VisualStudioVersion = 17.0.31903.59
MinimumVisualStudioVersion = 10.0.40219.1
Project("{FAE04EC0-301F-11D3-BF4B-00C04F79EFBC}") = "StockAutomationCore", "StockAutomationCore\StockAutomationCore.csproj", "{F6B17DB1-1133-41C0-AF11-82E372C79246}"
EndProject
Project("{FAE04EC0-301F-11D3-BF4B-00C04F79EFBC}") = "StockAutomationCore.Tests", "StockAutomationCore.Tests\StockAutomationCore.Tests.csproj", "{51B445D2-2182-4E37-98E1-14C2576F00A1}"
EndProject
Project("{FAE04EC0-301F-11D3-BF4B-00C04F79EFBC}") = "StockAutomationAPI", "StockAutomationAPI\StockAutomationAPI.csproj", "{45047379-EE80-4C74-9800-52532FCFE0B0}"
EndProject
Project("{FAE04EC0-301F-11D3-BF4B-00C04F79EFBC}") = "DataAccessLayer", "DataAccessLayer\DataAccessLayer.csproj", "{67C64EF0-F746-4306-A59C-40596BFE9458}"
EndProject
Project("{FAE04EC0-301F-11D3-BF4B-00C04F79EFBC}") = "StockAutomationClient", "StockAutomationClient\StockAutomationClient.csproj", "{0AAAC5CD-5521-499C-9B2F-D91C37827C83}"
EndProject
Project("{FAE04EC0-301F-11D3-BF4B-00C04F79EFBC}") = "StockAutomationWeb", "StockAutomationWeb\StockAutomationWeb.csproj", "{0253D973-8DFE-4D80-B77B-2ECB8EEF1FB2}"
EndProject
Global
	GlobalSection(SolutionConfigurationPlatforms) = preSolution
		Debug|Any CPU = Debug|Any CPU
		Release|Any CPU = Release|Any CPU
	EndGlobalSection
	GlobalSection(SolutionProperties) = preSolution
		HideSolutionNode = FALSE
	EndGlobalSection
	GlobalSection(ProjectConfigurationPlatforms) = postSolution
		{F6B17DB1-1133-41C0-AF11-82E372C79246}.Debug|Any CPU.ActiveCfg = Debug|Any CPU
		{F6B17DB1-1133-41C0-AF11-82E372C79246}.Debug|Any CPU.Build.0 = Debug|Any CPU
		{F6B17DB1-1133-41C0-AF11-82E372C79246}.Release|Any CPU.ActiveCfg = Release|Any CPU
		{F6B17DB1-1133-41C0-AF11-82E372C79246}.Release|Any CPU.Build.0 = Release|Any CPU
		{51B445D2-2182-4E37-98E1-14C2576F00A1}.Debug|Any CPU.ActiveCfg = Debug|Any CPU
		{51B445D2-2182-4E37-98E1-14C2576F00A1}.Debug|Any CPU.Build.0 = Debug|Any CPU
		{51B445D2-2182-4E37-98E1-14C2576F00A1}.Release|Any CPU.ActiveCfg = Release|Any CPU
		{51B445D2-2182-4E37-98E1-14C2576F00A1}.Release|Any CPU.Build.0 = Release|Any CPU
		{45047379-EE80-4C74-9800-52532FCFE0B0}.Debug|Any CPU.ActiveCfg = Debug|Any CPU
		{45047379-EE80-4C74-9800-52532FCFE0B0}.Debug|Any CPU.Build.0 = Debug|Any CPU
		{45047379-EE80-4C74-9800-52532FCFE0B0}.Release|Any CPU.ActiveCfg = Release|Any CPU
		{45047379-EE80-4C74-9800-52532FCFE0B0}.Release|Any CPU.Build.0 = Release|Any CPU
		{67C64EF0-F746-4306-A59C-40596BFE9458}.Debug|Any CPU.ActiveCfg = Debug|Any CPU
		{67C64EF0-F746-4306-A59C-40596BFE9458}.Debug|Any CPU.Build.0 = Debug|Any CPU
		{67C64EF0-F746-4306-A59C-40596BFE9458}.Release|Any CPU.ActiveCfg = Release|Any CPU
		{67C64EF0-F746-4306-A59C-40596BFE9458}.Release|Any CPU.Build.0 = Release|Any CPU
		{0AAAC5CD-5521-499C-9B2F-D91C37827C83}.Debug|Any CPU.ActiveCfg = Debug|Any CPU
		{0AAAC5CD-5521-499C-9B2F-D91C37827C83}.Debug|Any CPU.Build.0 = Debug|Any CPU
		{0AAAC5CD-5521-499C-9B2F-D91C37827C83}.Release|Any CPU.ActiveCfg = Release|Any CPU
		{0AAAC5CD-5521-499C-9B2F-D91C37827C83}.Release|Any CPU.Build.0 = Release|Any CPU
		{0253D973-8DFE-4D80-B77B-2ECB8EEF1FB2}.Debug|Any CPU.ActiveCfg = Debug|Any CPU
		{0253D973-8DFE-4D80-B77B-2ECB8EEF1FB2}.Debug|Any CPU.Build.0 = Debug|Any CPU
		{0253D973-8DFE-4D80-B77B-2ECB8EEF1FB2}.Release|Any CPU.ActiveCfg = Release|Any CPU
		{0253D973-8DFE-4D80-B77B-2ECB8EEF1FB2}.Release|Any CPU.Build.0 = Release|Any CPU
	EndGlobalSection
EndGlobal
